github.com/StackExchange/dnscontrol/v4 v4.24.0 h1:JnvBNRM9kJA/eBnRcXcgqYHe7YvGUtEQ+S7cCsqPskY=
github.com/StackExchange/dnscontrol/v4 v4.24.0/go.mod h1:GJ4v4eUI8utq14bb5c9RphwN0DnNrjsNpCr1gH2/9CA=
github.com/aws/aws-sdk-go-v2 v1.38.3 h1:B6cV4oxnMs45fql4yRH+/Po/YU+597zgWqvDpYMturk=
github.com/aws/aws-sdk-go-v2 v1.38.3/go.mod h1:sDioUELIUO9Znk23YVmIk86/9DOpkbyyVb1i/gUNFXY=
github.com/aws/aws-sdk-go-v2/config v1.31.6 h1:a1t8fXY4GT4xjyJExz4knbuoxSCacB5hT/WgtfPyLjo=
github.com/aws/aws-sdk-go-v2/config v1.31.6/go.mod h1:5ByscNi7R+ztvOGzeUaIu49vkMk2soq5NaH5PYe33MQ=
github.com/aws/aws-sdk-go-v2/credentials v1.18.10 h1:xdJnXCouCx8Y0NncgoptztUocIYLKeQxrCgN6x9sdhg=
github.com/aws/aws-sdk-go-v2/credentials v1.18.10/go.mod h1:7tQk08ntj914F/5i9jC4+2HQTAuJirq7m1vZVIhEkWs=
github.com/aws/aws-sdk-go-v2/feature/ec2/imds v1.18.6 h1:wbjnrrMnKew78/juW7I2BtKQwa1qlf6EjQgS69uYY14=
github.com/aws/aws-sdk-go-v2/feature/ec2/imds v1.18.6/go.mod h1:AtiqqNrDioJXuUgz3+3T0mBWN7Hro2n9wll2zRUc0ww=
github.com/aws/aws-sdk-go-v2/internal/configsources v1.4.6 h1:uF68eJA6+S9iVr9WgX1NaRGyQ/6MdIyc4JNUo6TN1FA=
github.com/aws/aws-sdk-go-v2/internal/configsources v1.4.6/go.mod h1:qlPeVZCGPiobx8wb1ft0GHT5l+dc6ldnwInDFaMvC7Y=
github.com/aws/aws-sdk-go-v2/internal/endpoints/v2 v2.7.6 h1:pa1DEC6JoI0zduhZePp3zmhWvk/xxm4NB8Hy/Tlsgos=
github.com/aws/aws-sdk-go-v2/internal/endpoints/v2 v2.7.6/go.mod h1:gxEjPebnhWGJoaDdtDkA0JX46VRg1wcTHYe63OfX5pE=
github.com/aws/aws-sdk-go-v2/internal/ini v1.8.3 h1:bIqFDwgGXXN1Kpp99pDOdKMTTb5d2KyU5X/BZxjOkRo=
github.com/aws/aws-sdk-go-v2/internal/ini v1.8.3/go.mod h1:H5O/EsxDWyU+LP/V8i5sm8cxoZgc2fdNR9bxlOFrQTo=
github.com/aws/aws-sdk-go-v2/service/internal/accept-encoding v1.13.1 h1:oegbebPEMA/1Jny7kvwejowCaHz1FWZAQ94WXFNCyTM=
github.com/aws/aws-sdk-go-v2/service/internal/accept-encoding v1.13.1/go.mod h1:kemo5Myr9ac0U9JfSjMo9yHLtw+pECEHsFtJ9tqCEI8=
github.com/aws/aws-sdk-go-v2/service/internal/presigned-url v1.13.6 h1:LHS1YAIJXJ4K9zS+1d/xa9JAA9sL2QyXIQCQFQW/X08=
github.com/aws/aws-sdk-go-v2/service/internal/presigned-url v1.13.6/go.mod h1:c9PCiTEuh0wQID5/KqA32J+HAgZxN9tOGXKCiYJjTZI=
github.com/aws/aws-sdk-go-v2/service/route53 v1.57.2 h1:S3UZycqIGdXUDZkHQ/dTo99mFaHATfCJEVcYrnT24o4=
github.com/aws/aws-sdk-go-v2/service/route53 v1.57.2/go.mod h1:j4q6vBiAJvH9oxFyFtZoV739zxVMsSn26XNFvFlorfU=
github.com/aws/aws-sdk-go-v2/service/route53domains v1.33.1 h1:ECXmK3bbh1DLmJEkyS1tXU0k5iOj+TIUrXJI4zgpkSM=
github.com/aws/aws-sdk-go-v2/service/route53domains v1.33.1/go.mod h1:JwpIh8KZpaZJWFjB0KmkElCK7398QzFGUDvjqxU0OmQ=
github.com/aws/aws-sdk-go-v2/service/sso v1.29.1 h1:8OLZnVJPvjnrxEwHFg9hVUof/P4sibH+Ea4KKuqAGSg=
github.com/aws/aws-sdk-go-v2/service/sso v1.29.1/go.mod h1:27M3BpVi0C02UiQh1w9nsBEit6pLhlaH3NHna6WUbDE=
github.com/aws/aws-sdk-go-v2/service/ssooidc v1.34.2 h1:gKWSTnqudpo8dAxqBqZnDoDWCiEh/40FziUjr/mo6uA=
github.com/aws/aws-sdk-go-v2/service/ssooidc v1.34.2/go.mod h1:x7+rkNmRoEN1U13A6JE2fXne9EWyJy54o3n6d4mGaXQ=
github.com/aws/aws-sdk-go-v2/service/sts v1.38.2 h1:YZPjhyaGzhDQEvsffDEcpycq49nl7fiGcfJTIo8BszI=
github.com/aws/aws-sdk-go-v2/service/sts v1.38.2/go.mod h1:2dIN8qhQfv37BdUYGgEC8Q3tteM3zFxTI1MLO2O3J3c=
github.com/aws/smithy-go v1.23.0 h1:8n6I3gXzWJB2DxBDnfxgBaSX6oe0d/t10qGz7OKqMCE=
github.com/aws/smithy-go v1.23.0/go.mod h1:t1ufH5HMublsJYulve2RKmHDC15xu1f26kHCp/HgceI=
github.com/chzyer/logex v1.1.10/go.mod h1:+Ywpsq7O8HXn0nuIou7OrIPyXbp3wmkHB+jjWRnGsAI=
github.com/chzyer/logex v1.2.1 h1:XHDu3E6q+gdHgsdTPH6ImJMIp436vR6MPtH8gP05QzM=
github.com/chzyer/logex v1.2.1/go.mod h1:JLbx6lG2kDbNRFnfkgvh4eRJRPX1QCoOIWomwysCBrQ=
github.com/chzyer/readline v0.0.0-20180603132655-2972be24d48e/go.mod h1:nSuG5e5PlCu98SY8svDHJxuZscDgtXS6KTTbou5AhLI=
github.com/chzyer/readline v1.5.1 h1:upd/6fQk4src78LMRzh5vItIt361/o4uq553V8B5sGI=
github.com/chzyer/readline v1.5.1/go.mod h1:Eh+b79XXUwfKfcPLepksvw2tcLE/Ct21YObkaSkeBlk=
github.com/chzyer/test v0.0.0-20180213035817-a1ea475d72b1/go.mod h1:Q3SI9o4m/ZMnBNeIyt5eFwwo7qiLfzFZmjNmxjkiQlU=
github.com/chzyer/test v1.0.0 h1:p3BQDXSxOhOG0P9z6/hGnII4LGiEPOYBhs8asl/fC04=
github.com/chzyer/test v1.0.0/go.mod h1:2JlltgoNkt4TW/z9V/IzDdFaMTM2JPIi26O1pF38GC8=
github.com/cpuguy83/go-md2man/v2 v2.0.6/go.mod h1:oOW0eioCTA6cOiMLiUPZOpcVxMig6NIQQ7OS05n1F4g=
github.com/creack/pty v1.1.9/go.mod h1:oKZEueFk5CKHvIhNR5MUki03XCEU+Q6VDXinZuGJ33E=
github.com/davecgh/go-spew v1.1.0/go.mod h1:J7Y8YcW2NihsgmVo/mv3lAwl/skON4iLHjSsI+c5H38=
github.com/davecgh/go-spew v1.1.1/go.mod h1:J7Y8YcW2NihsgmVo/mv3lAwl/skON4iLHjSsI+c5H38=
github.com/davecgh/go-spew v1.1.2-0.20180830191138-d8f796af33cc h1:U9qPSI2PIWSS1VwoXQT9A3Wy9MM3WgvqSxFWenqJduM=
github.com/davecgh/go-spew v1.1.2-0.20180830191138-d8f796af33cc/go.mod h1:J7Y8YcW2NihsgmVo/mv3lAwl/skON4iLHjSsI+c5H38=
github.com/dvyukov/go-fuzz v0.0.0-20210103155950-6a8e9d1f2415/go.mod h1:11Gm+ccJnvAhCNLlf5+cS9KjtbaD5I5zaZpFMsTHWTw=
github.com/fatih/color v1.18.0 h1:S8gINlzdQ840/4pfAwic/ZE0djQEH3wM94VfqLTZcOM=
github.com/fatih/color v1.18.0/go.mod h1:4FelSpRwEGDpQ12mAdzqdOukCy4u8WUtOY6lkT/6HfU=
github.com/gobwas/glob v0.2.4-0.20181002190808-e7a84e9525fe h1:zn8tqiUbec4wR94o7Qj3LZCAT6uGobhEgnDRg6isG5U=
github.com/gobwas/glob v0.2.4-0.20181002190808-e7a84e9525fe/go.mod h1:d3Ez4x06l9bZtSvzIay5+Yzi0fmZzPgnTbPcKjJAkT8=
github.com/google/go-cmp v0.7.0 h1:wk8382ETsv4JYUZwIsn6YpYiWiBsYLSJiTsyBybVuN8=
github.com/google/go-cmp v0.7.0/go.mod h1:pXiqmnSA92OHEEa9HXL2W4E7lf9JzCmGVUdgjX3N/iU=
github.com/google/uuid v1.6.0 h1:NIvaJDMOsjHA8n1jAhLSgzrAzy1Hgr+hNrb57e+94F0=
github.com/google/uuid v1.6.0/go.mod h1:TIyPZe4MgqvfeYDBFedMoGGpEw/LqOeaOT+nhxU+yHo=
github.com/inconshreveable/mousetrap v1.1.0 h1:wN+x4NVGpMsO7ErUn/mUI3vEoE6Jt13X2s0bqwp9tc8=
github.com/inconshreveable/mousetrap v1.1.0/go.mod h1:vpF70FUmC8bwa3OWnCshd2FqLfsEA9PFc4w1p2J65bw=
github.com/jarcoal/httpmock v1.4.1 h1:0Ju+VCFuARfFlhVXFc2HxlcQkfB+Xq12/EotHko+x2A=
github.com/jarcoal/httpmock v1.4.1/go.mod h1:ftW1xULwo+j0R0JJkJIIi7UKigZUXCLLanykgjwBXL0=
github.com/jinzhu/copier v0.4.0 h1:w3ciUoD19shMCRargcpm0cm91ytaBhDvuRpz1ODO/U8=
github.com/jinzhu/copier v0.4.0/go.mod h1:DfbEm0FYsaqBcKcFuvmOZb218JkPGtvSHsKg8S8hyyg=
github.com/kr/pretty v0.2.1/go.mod h1:ipq/a2n7PKx3OHsz4KJII5eveXtPO4qwEXGdVfWzfnI=
github.com/kr/pretty v0.3.1 h1:flRD4NNwYAUpkphVc1HcthR4KEIFJ65n8Mw5qdRn3LE=
github.com/kr/pretty v0.3.1/go.mod h1:hoEshYVHaxMs3cyo3Yncou5ZscifuDolrwPKZanG3xk=
github.com/kr/pty v1.1.1/go.mod h1:pFQYn66WHrOpPYNljwOMqo10TkYh1fy3cYio2l3bCsQ=
github.com/kr/text v0.1.0/go.mod h1:4Jbv+DJW3UT/LiOwJeYQe1efqtUx/iVham/4vfdArNI=
github.com/kr/text v0.2.0 h1:5Nx0Ya0ZqY2ygV366QzturHI13Jq95ApcVaJBhpS+AY=
github.com/kr/text v0.2.0/go.mod h1:eLer722TekiGuMkidMxC/pM04lWEeraHUUmBw8l2grE=
github.com/manifoldco/promptui v0.9.0 h1:3V4HzJk1TtXW1MTZMP7mdlwbBpIinw3HztaIlYthEiA=
github.com/manifoldco/promptui v0.9.0/go.mod h1:ka04sppxSGFAtxX0qhlYQjISsg9mR4GWtQEhdbn6Pgg=
github.com/mattn/go-colorable v0.1.14 h1:9A9LHSqF/7dyVVX6g0U9cwm9pG3kP9gSzcuIPHPsaIE=
github.com/mattn/go-colorable v0.1.14/go.mod h1:6LmQG8QLFO4G5z1gPvYEzlUgJ2wF+stgPZH1UqBm1s8=
github.com/mattn/go-isatty v0.0.20 h1:xfD0iDuEKnDkl03q4limB+vH+GxLEtL/jb4xVJSWWEY=
github.com/mattn/go-isatty v0.0.20/go.mod h1:W+V8PltTTMOvKvAeJH7IuucS94S2C6jfK/D7dTCTo3Y=
github.com/mattn/go-runewidth v0.0.16 h1:E5ScNMtiwvlvB5paMFdw9p4kSQzbXFikJ5SQO6TULQc=
github.com/mattn/go-runewidth v0.0.16/go.mod h1:Jdepj2loyihRzMpdS35Xk/zdY8IAYHsh153qUoGf23w=
github.com/maxatome/go-testdeep v1.14.0 h1:rRlLv1+kI8eOI3OaBXZwb3O7xY3exRzdW5QyX48g9wI=
github.com/maxatome/go-testdeep v1.14.0/go.mod h1:lPZc/HAcJMP92l7yI6TRz1aZN5URwUBUAfUNvrclaNM=
github.com/miekg/dns v1.1.68 h1:jsSRkNozw7G/mnmXULynzMNIsgY2dHC8LO6U6Ij2JEA=
github.com/miekg/dns v1.1.68/go.mod h1:fujopn7TB3Pu3JM69XaawiU0wqjpL9/8xGop5UrTPps=
github.com/olekukonko/cat v0.0.0-20250817074551-3280053e4e00 h1:ZCnkxe9GgWqqBxAk3cIKlQJuaqgOUF/nUtQs8flVTHM=
github.com/olekukonko/cat v0.0.0-20250817074551-3280053e4e00/go.mod h1:rEKTHC9roVVicUIfZK7DYrdIoM0EOr8mK1Hj5s3JjH0=
github.com/olekukonko/errors v1.1.0 h1:RNuGIh15QdDenh+hNvKrJkmxxjV4hcS50Db478Ou5sM=
github.com/olekukonko/errors v1.1.0/go.mod h1:ppzxA5jBKcO1vIpCXQ9ZqgDh8iwODz6OXIGKU8r5m4Y=
github.com/olekukonko/ll v0.1.0 h1:7nX5bgpvfyxsvI90IJpOIU5zd4MBV6nRkD49e/dEx98=
github.com/olekukonko/ll v0.1.0/go.mod h1:2dJo+hYZcJMLMbKwHEWvxCUbAOLc/CXWS9noET22Mdo=
github.com/olekukonko/tablewriter v1.0.9 h1:XGwRsYLC2bY7bNd93Dk51bcPZksWZmLYuaTHR0FqfL8=
github.com/olekukonko/tablewriter v1.0.9/go.mod h1:5c+EBPeSqvXnLLgkm9isDdzR3wjfBkHR9Nhfp3NWrzo=
github.com/pkg/diff v0.0.0-20210226163009-20ebb0f2a09e/go.mod h1:pJLUxLENpZxwdsKMEsNbx1VGcRFpLqf3715MtcvvzbA=
github.com/pkg/errors v0.9.1 h1:FEBLx1zS214owpjy7qsBeixbURkuhQAwrK5UwLGTwt4=
github.com/pkg/errors v0.9.1/go.mod h1:bwawxfHBFNV+L2hUp1rHADufV3IMtnDRdf1r5NINEl0=
github.com/pmezard/go-difflib v1.0.0/go.mod h1:iKH77koFhYxTK1pcRnkKkqfTogsbg7gZNVY4sRDYZ/4=
github.com/pmezard/go-difflib v1.0.1-0.20181226105442-5d4384ee4fb2 h1:Jamvg5psRIccs7FGNTlIRMkT8wgtp5eCXdBlqhYGL6U=
github.com/pmezard/go-difflib v1.0.1-0.20181226105442-5d4384ee4fb2/go.mod h1:iKH77koFhYxTK1pcRnkKkqfTogsbg7gZNVY4sRDYZ/4=
github.com/prometheus-community/pro-bing v0.7.0 h1:KFYFbxC2f2Fp6c+TyxbCOEarf7rbnzr9Gw8eIb0RfZA=
github.com/prometheus-community/pro-bing v0.7.0/go.mod h1:Moob9dvlY50Bfq6i88xIwfyw7xLFHH69LUgx9n5zqCE=
github.com/qdm12/reprint v0.0.0-20200326205758-722754a53494 h1:wSmWgpuccqS2IOfmYrbRiUgv+g37W5suLLLxwwniTSc=
github.com/qdm12/reprint v0.0.0-20200326205758-722754a53494/go.mod h1:yipyliwI08eQ6XwDm1fEwKPdF/xdbkiHtrU+1Hg+vc4=
github.com/rivo/uniseg v0.2.0/go.mod h1:J6wj4VEh+S6ZtnVlnTBMWIodfgj8LQOQFoIToxlJtxc=
github.com/rivo/uniseg v0.4.7 h1:WUdvkW8uEhrYfLC4ZzdpI2ztxP1I582+49Oc5Mq64VQ=
github.com/rivo/uniseg v0.4.7/go.mod h1:FN3SvrM+Zdj16jyLfmOkMNblXMcoc8DfTHruCPUcx88=
github.com/rogpeppe/go-internal v1.9.0/go.mod h1:WtVeX8xhTBvf0smdhujwtBcq4Qrzq/fJaraNFVN+nFs=
github.com/rogpeppe/go-internal v1.14.1 h1:UQB4HGPB6osV0SQTLymcB4TgvyWu6ZyliaW0tI/otEQ=
github.com/rogpeppe/go-internal v1.14.1/go.mod h1:MaRKkUm5W0goXpeCfT7UZI6fk/L7L7so1lCWt35ZSgc=
github.com/rs/dnscache v0.0.0-20230804202142-fc85eb664529 h1:18kd+8ZUlt/ARXhljq+14TwAoKa61q6dX8jtwOf6DH8=
github.com/rs/dnscache v0.0.0-20230804202142-fc85eb664529/go.mod h1:qe5TWALJ8/a1Lqznoc5BDHpYX/8HU60Hm2AwRmqzxqA=
github.com/russross/blackfriday/v2 v2.1.0/go.mod h1:+Rmxgy9KzJVeS9/2gXHxylqXiyQDYRxCVz55jmeOWTM=
github.com/spf13/cobra v1.9.1 h1:CXSaggrXdbHK9CF+8ywj8Amf7PBRmPCOJugH954Nnlo=
github.com/spf13/cobra v1.9.1/go.mod h1:nDyEzZ8ogv936Cinf6g1RU9MRY64Ir93oCnqb9wxYW0=
github.com/spf13/pflag v1.0.6/go.mod h1:McXfInJRrz4CZXVZOBLb0bTZqETkiAhM9Iw0y3An2Bg=
github.com/spf13/pflag v1.0.7 h1:vN6T9TfwStFPFM5XzjsvmzZkLuaLX+HS+0SeFLRgU6M=
github.com/spf13/pflag v1.0.7/go.mod h1:McXfInJRrz4CZXVZOBLb0bTZqETkiAhM9Iw0y3An2Bg=
github.com/stretchr/objx v0.1.0/go.mod h1:HFkY916IF+rwdDfMAkV7OtwuqBVzrE8GR6GFx+wExME=
github.com/stretchr/testify v1.4.0/go.mod h1:j7eGeouHqKxXV5pUuKE4zz7dFj8WfuZ+81PSLYec5m4=
github.com/stretchr/testify v1.11.1 h1:7s2iGBzp5EwR7/aIZr8ao5+dra3wiQyKjjFuvgVKu7U=
github.com/stretchr/testify v1.11.1/go.mod h1:wZwfW3scLgRK+23gO65QZefKpKQRnfz6sD981Nm4B6U=
github.com/yuin/goldmark v1.2.1/go.mod h1:3hX8gzYuyVAZsxl0MRgGTJEmQBFcNTphYh9decYSb74=
go4.org/intern v0.0.0-20211027215823-ae77deb06f29/go.mod h1:cS2ma+47FKrLPdXFpr7CuxiTW3eyJbWew4qx0qtQWDA=
go4.org/intern v0.0.0-20230525184215-6c62f75575cb h1:ae7kzL5Cfdmcecbh22ll7lYP3iuUdnfnhiPcSaDgH/8=
go4.org/intern v0.0.0-20230525184215-6c62f75575cb/go.mod h1:Ycrt6raEcnF5FTsLiLKkhBTO6DPX3RCUCUVnks3gFJU=
go4.org/unsafe/assume-no-moving-gc v0.0.0-20211027215541-db492cf91b37/go.mod h1:FftLjUGFEDu5k8lt0ddY+HcrH/qU/0qk+H8j9/nTl3E=
go4.org/unsafe/assume-no-moving-gc v0.0.0-20230525183740-e7c30c78aeb2/go.mod h1:FftLjUGFEDu5k8lt0ddY+HcrH/qU/0qk+H8j9/nTl3E=
go4.org/unsafe/assume-no-moving-gc v0.0.0-20231121144256-b99613f794b6 h1:lGdhQUN/cnWdSH3291CUuxSEqc+AsGTiDxPP3r2J0l4=
go4.org/unsafe/assume-no-moving-gc v0.0.0-20231121144256-b99613f794b6/go.mod h1:FftLjUGFEDu5k8lt0ddY+HcrH/qU/0qk+H8j9/nTl3E=
golang.org/x/crypto v0.0.0-20190308221718-c2843e01d9a2/go.mod h1:djNgcEr1/C05ACkg1iLfiJU5Ep61QUkGW8qpdssI0+w=
golang.org/x/crypto v0.0.0-20191011191535-87dc89f01550/go.mod h1:yigFU9vqHzYiE8UmvKecakEJjdnWj3jj499lnFckfCI=
golang.org/x/crypto v0.0.0-20200622213623-75b288015ac9/go.mod h1:LzIPMQfyMNhhGPhUkYOs5KpL4U8rLKemX1yGLhDgUto=
golang.org/x/mod v0.3.0/go.mod h1:s0Qsj1ACt9ePp/hMypM3fl4fZqREWJwdYDEqhRiZZUA=
golang.org/x/mod v0.27.0 h1:kb+q2PyFnEADO2IEF935ehFUXlWiNjJWtRNgBLSfbxQ=
golang.org/x/mod v0.27.0/go.mod h1:rWI627Fq0DEoudcK+MBkNkCe0EetEaDSwJJkCcjpazc=
golang.org/x/net v0.0.0-20190404232315-eb5bcb51f2a3/go.mod h1:t9HGtf8HONx5eT2rtn7q6eTqICYqUVnKs3thJo3Qplg=
golang.org/x/net v0.0.0-20190620200207-3b0461eec859/go.mod h1:z5CRVTTTmAJ677TzLLGU+0bjPO0LkuOLi4/5GtJWs/s=
golang.org/x/net v0.0.0-20201021035429-f5854403a974/go.mod h1:sp8m0HH+o8qH0wwXwYZr8TS3Oi6o0r6Gce1SSxlDquU=
golang.org/x/net v0.43.0 h1:lat02VYK2j4aLzMzecihNvTlJNQUq316m2Mr9rnM6YE=
golang.org/x/net v0.43.0/go.mod h1:vhO1fvI4dGsIjh73sWfUVjj3N7CA9WkKJNQm2svM6Jg=
golang.org/x/sync v0.0.0-20190423024810-112230192c58/go.mod h1:RxMgew5VJxzue5/jJTE5uejpjVlOe/izrB70Jof72aM=
golang.org/x/sync v0.0.0-20201020160332-67f06af15bc9/go.mod h1:RxMgew5VJxzue5/jJTE5uejpjVlOe/izrB70Jof72aM=
golang.org/x/sync v0.16.0 h1:ycBJEhp9p4vXvUZNszeOq0kGTPghopOL8q0fq3vstxw=
golang.org/x/sync v0.16.0/go.mod h1:1dzgHSNfp02xaA81J2MS99Qcpr2w7fw1gpm99rleRqA=
golang.org/x/sys v0.0.0-20181122145206-62eef0e2fa9b/go.mod h1:STP8DvDyc/dI5b8T5hshtkjS+E42TnysNCUPdjciGhY=
golang.org/x/sys v0.0.0-20190215142949-d0b11bdaac8a/go.mod h1:STP8DvDyc/dI5b8T5hshtkjS+E42TnysNCUPdjciGhY=
golang.org/x/sys v0.0.0-20190412213103-97732733099d/go.mod h1:h1NjWce9XRLGQEsW7wpKNCjG9DtNlClVuFLEZdDNbEs=
golang.org/x/sys v0.0.0-20200930185726-fdedc70b468f/go.mod h1:h1NjWce9XRLGQEsW7wpKNCjG9DtNlClVuFLEZdDNbEs=
golang.org/x/sys v0.0.0-20210119212857-b64e53b001e4/go.mod h1:h1NjWce9XRLGQEsW7wpKNCjG9DtNlClVuFLEZdDNbEs=
golang.org/x/sys v0.0.0-20220310020820-b874c991c1a5/go.mod h1:oPkhp1MJrh7nUepCBck5+mAzfO9JrbApNNgaTdGDITg=
golang.org/x/sys v0.6.0/go.mod h1:oPkhp1MJrh7nUepCBck5+mAzfO9JrbApNNgaTdGDITg=
golang.org/x/sys v0.35.0 h1:vz1N37gP5bs89s7He8XuIYXpyY0+QlsKmzipCbUtyxI=
golang.org/x/sys v0.35.0/go.mod h1:BJP2sWEmIv4KK5OTEluFJCKSidICx8ciO85XgH3Ak8k=
golang.org/x/text v0.3.0/go.mod h1:NqM8EUOU14njkJ3fqMW+pc6Ldnwhi/IjpwHt7yyuwOQ=
golang.org/x/text v0.3.3/go.mod h1:5Zoc/QRtKVWzQhOtBMvqHzDpF6irO9z98xDceosuGiQ=
golang.org/x/text v0.28.0 h1:rhazDwis8INMIwQ4tpjLDzUhx6RlXqZNPEM0huQojng=
golang.org/x/text v0.28.0/go.mod h1:U8nCwOR8jO/marOQ0QbDiOngZVEBB7MAiitBuMjXiNU=
golang.org/x/tools v0.0.0-20180917221912-90fa682c2a6e/go.mod h1:n7NCudcB/nEzxVGmLbDWY5pfWTLqBcC2KZ6jyYvM4mQ=
golang.org/x/tools v0.0.0-20191119224855-298f0cb1881e/go.mod h1:b+2E5dAYhXwXZwtnZ6UAqBI28+e2cm9otk0dWdXHAEo=
golang.org/x/tools v0.1.0/go.mod h1:xkSsbof2nBLbhDlRMhhhyNLN/zl3eTqcnHD5viDpcZ0=
golang.org/x/tools v0.36.0 h1:kWS0uv/zsvHEle1LbV5LE8QujrxB3wfQyxHfhOk0Qkg=
golang.org/x/tools v0.36.0/go.mod h1:WBDiHKJK8YgLHlcQPYQzNCkUxUypCaa5ZegCVutKm+s=
golang.org/x/xerrors v0.0.0-20190717185122-a985d3407aa7/go.mod h1:I/5z698sn9Ka8TeJc9MKroUUfqBBauWjQqLJ2OPfmY0=
golang.org/x/xerrors v0.0.0-20191011141410-1b5146add898/go.mod h1:I/5z698sn9Ka8TeJc9MKroUUfqBBauWjQqLJ2OPfmY0=
golang.org/x/xerrors v0.0.0-20200804184101-5ec99f83aff1/go.mod h1:I/5z698sn9Ka8TeJc9MKroUUfqBBauWjQqLJ2OPfmY0=
gopkg.in/check.v1 v0.0.0-20161208181325-20d25e280405/go.mod h1:Co6ibVJAznAaIkqp8huTwlJQCZ016jof/cbN4VW5Yz0=
gopkg.in/check.v1 v1.0.0-20201130134442-10cb98267c6c h1:Hei/4ADfdWqJk1ZMxUNpqntNwaWcugrBjAiHlqqRiVk=
gopkg.in/check.v1 v1.0.0-20201130134442-10cb98267c6c/go.mod h1:JHkPIbrfpd72SG/EVd6muEfDQjcINNoR0C8j2r3qZ4Q=
gopkg.in/yaml.v2 v2.2.2/go.mod h1:hI93XBmqTisBFMUTm0b8Fm+jr3Dg1NNxqwp+5A1VGuI=
gopkg.in/yaml.v3 v3.0.1 h1:fxVm/GzAzEWqLHuvctI91KS9hhNmmWOoWu0XTYJS7CA=
gopkg.in/yaml.v3 v3.0.1/go.mod h1:K4uyk7z7BCEPqu6E+C64Yfv1cQ7kz7rIZviUmN+EgEM=
inet.af/netaddr v0.0.0-20230525184311-b8eac61e914a h1:1XCVEdxrvL6c0TGOhecLuB7U9zYNdxZEjvOqJreKZiM=
inet.af/netaddr v0.0.0-20230525184311-b8eac61e914a/go.mod h1:e83i32mAQOW1LAqEIweALsuK2Uw4mhQadA5r7b0Wobo=
